
Microsoft Visual Studio Solution File, Format Version 12.00
# Visual Studio 2012
Project("{FAE04EC0-301F-11D3-BF4B-00C04F79EFBC}") = "LanguageForum", "LanguageForum\LanguageForum.csproj", "{BBE43862-A30F-48A3-9F3A-521F9D357A69}"
EndProject
Global
	GlobalSection(SolutionConfigurationPlatforms) = preSolution
		Debug|iPhoneSimulator = Debug|iPhoneSimulator
		Release|iPhone = Release|iPhone
		Release|iPhoneSimulator = Release|iPhoneSimulator
		Debug|iPhone = Debug|iPhone
	EndGlobalSection
	GlobalSection(ProjectConfigurationPlatforms) = postSolution
		{BBE43862-A30F-48A3-9F3A-521F9D357A69}.Debug|iPhoneSimulator.ActiveCfg = Debug|iPhoneSimulator
		{BBE43862-A30F-48A3-9F3A-521F9D357A69}.Debug|iPhoneSimulator.Build.0 = Debug|iPhoneSimulator
		{BBE43862-A30F-48A3-9F3A-521F9D357A69}.Release|iPhone.ActiveCfg = Release|iPhone
		{BBE43862-A30F-48A3-9F3A-521F9D357A69}.Release|iPhone.Build.0 = Release|iPhone
		{BBE43862-A30F-48A3-9F3A-521F9D357A69}.Release|iPhoneSimulator.ActiveCfg = Release|iPhoneSimulator
		{BBE43862-A30F-48A3-9F3A-521F9D357A69}.Release|iPhoneSimulator.Build.0 = Release|iPhoneSimulator
		{BBE43862-A30F-48A3-9F3A-521F9D357A69}.Debug|iPhone.ActiveCfg = Debug|iPhone
		{BBE43862-A30F-48A3-9F3A-521F9D357A69}.Debug|iPhone.Build.0 = Debug|iPhone
	EndGlobalSection
EndGlobal
